
Microsoft Visual Studio Solution File, Format Version 12.00
# Visual Studio Version 16
VisualStudioVersion = 16.0.31313.79
MinimumVisualStudioVersion = 10.0.40219.1
Project("{FAE04EC0-301F-11D3-BF4B-00C04F79EFBC}") = "DomainModel", "DomainModel\DomainModel.csproj", "{2C116F97-827C-4EF6-9FF7-4852CCA5750B}"
EndProject
Project("{FAE04EC0-301F-11D3-BF4B-00C04F79EFBC}") = "ConsoleApp", "ConsoleApp\ConsoleApp.csproj", "{66972852-CD32-4346-98D7-7028275C8B0A}"
EndProject
Project("{FAE04EC0-301F-11D3-BF4B-00C04F79EFBC}") = "Dal", "Dal\Dal.csproj", "{D31330C3-688C-49BD-B763-90DB323F61E8}"
EndProject
Global
	GlobalSection(SolutionConfigurationPlatforms) = preSolution
		Debug|Any CPU = Debug|Any CPU
		Release|Any CPU = Release|Any CPU
	EndGlobalSection
	GlobalSection(ProjectConfigurationPlatforms) = postSolution
		{2C116F97-827C-4EF6-9FF7-4852CCA5750B}.Debug|Any CPU.ActiveCfg = Debug|Any CPU
		{2C116F97-827C-4EF6-9FF7-4852CCA5750B}.Debug|Any CPU.Build.0 = Debug|Any CPU
		{2C116F97-827C-4EF6-9FF7-4852CCA5750B}.Release|Any CPU.ActiveCfg = Release|Any CPU
		{2C116F97-827C-4EF6-9FF7-4852CCA5750B}.Release|Any CPU.Build.0 = Release|Any CPU
		{66972852-CD32-4346-98D7-7028275C8B0A}.Debug|Any CPU.ActiveCfg = Debug|Any CPU
		{66972852-CD32-4346-98D7-7028275C8B0A}.Debug|Any CPU.Build.0 = Debug|Any CPU
		{66972852-CD32-4346-98D7-7028275C8B0A}.Release|Any CPU.ActiveCfg = Release|Any CPU
		{66972852-CD32-4346-98D7-7028275C8B0A}.Release|Any CPU.Build.0 = Release|Any CPU
		{D31330C3-688C-49BD-B763-90DB323F61E8}.Debug|Any CPU.ActiveCfg = Debug|Any CPU
		{D31330C3-688C-49BD-B763-90DB323F61E8}.Debug|Any CPU.Build.0 = Debug|Any CPU
		{D31330C3-688C-49BD-B763-90DB323F61E8}.Release|Any CPU.ActiveCfg = Release|Any CPU
		{D31330C3-688C-49BD-B763-90DB323F61E8}.Release|Any CPU.Build.0 = Release|Any CPU
	EndGlobalSection
	GlobalSection(SolutionProperties) = preSolution
		HideSolutionNode = FALSE
	EndGlobalSection
	GlobalSection(ExtensibilityGlobals) = postSolution
		SolutionGuid = {67A276D6-4F7F-4926-B55C-F8F5DC3F6B5D}
	EndGlobalSection
EndGlobal
